// !$*UTF8*$!
{
	archiveVersion = 1;
	classes = {
	};
	objectVersion = 46;
	objects = {

/* Begin PBXBuildFile section */
		B4EEE09B1F245F1500736668 /* AppDelegate.swift in Sources */ = {isa = PBXBuildFile; fileRef = B4EEE09A1F245F1500736668 /* AppDelegate.swift */; };
		B4EEE09D1F245F1500736668 /* ViewController.swift in Sources */ = {isa = PBXBuildFile; fileRef = B4EEE09C1F245F1500736668 /* ViewController.swift */; };
		B4EEE0A01F245F1500736668 /* Main.storyboard in Resources */ = {isa = PBXBuildFile; fileRef = B4EEE09E1F245F1500736668 /* Main.storyboard */; };
		B4EEE0A21F245F1500736668 /* Assets.xcassets in Resources */ = {isa = PBXBuildFile; fileRef = B4EEE0A11F245F1500736668 /* Assets.xcassets */; };
		B4EEE0A51F245F1500736668 /* LaunchScreen.storyboard in Resources */ = {isa = PBXBuildFile; fileRef = B4EEE0A31F245F1500736668 /* LaunchScreen.storyboard */; };
		B4EEE0B01F245F1500736668 /* BasicCalculatorTests.swift in Sources */ = {isa = PBXBuildFile; fileRef = B4EEE0AF1F245F1500736668 /* BasicCalculatorTests.swift */; };
		B4EEE0BB1F245F1500736668 /* BasicCalculatorUITests.swift in Sources */ = {isa = PBXBuildFile; fileRef = B4EEE0BA1F245F1500736668 /* BasicCalculatorUITests.swift */; };
/* End PBXBuildFile section */

/* Begin PBXContainerItemProxy section */
		B4EEE0AC1F245F1500736668 /* PBXContainerItemProxy */ = {
			isa = PBXContainerItemProxy;
			containerPortal = B4EEE08F1F245F1500736668 /* Project object */;
			proxyType = 1;
			remoteGlobalIDString = B4EEE0961F245F1500736668;
			remoteInfo = BasicCalculator;
		};
		B4EEE0B71F245F1500736668 /* PBXContainerItemProxy */ = {
			isa = PBXContainerItemProxy;
			containerPortal = B4EEE08F1F245F1500736668 /* Project object */;
			proxyType = 1;
			remoteGlobalIDString = B4EEE0961F245F1500736668;
			remoteInfo = BasicCalculator;
		};
/* End PBXContainerItemProxy section */

/* Begin PBXFileReference section */
		B4EEE0971F245F1500736668 /* BasicCalculator.app */ = {isa = PBXFileReference; explicitFileType = wrapper.application; includeInIndex = 0; path = BasicCalculator.app; sourceTree = BUILT_PRODUCTS_DIR; };
		B4EEE09A1F245F1500736668 /* AppDelegate.swift */ = {isa = PBXFileReference; lastKnownFileType = sourcecode.swift; path = AppDelegate.swift; sourceTree = "<group>"; };
		B4EEE09C1F245F1500736668 /* ViewController.swift */ = {isa = PBXFileReference; lastKnownFileType = sourcecode.swift; path = ViewController.swift; sourceTree = "<group>"; };
		B4EEE09F1F245F1500736668 /* Base */ = {isa = PBXFileReference; lastKnownFileType = file.storyboard; name = Base; path = Base.lproj/Main.storyboard; sourceTree = "<group>"; };
		B4EEE0A11F245F1500736668 /* Assets.xcassets */ = {isa = PBXFileReference; lastKnownFileType = folder.assetcatalog; path = Assets.xcassets; sourceTree = "<group>"; };
		B4EEE0A41F245F1500736668 /* Base */ = {isa = PBXFileReference; lastKnownFileType = file.storyboard; name = Base; path = Base.lproj/LaunchScreen.storyboard; sourceTree = "<group>"; };
		B4EEE0A61F245F1500736668 /* Info.plist */ = {isa = PBXFileReference; lastKnownFileType = text.plist.xml; path = Info.plist; sourceTree = "<group>"; };
		B4EEE0AB1F245F1500736668 /* BasicCalculatorTests.xctest */ = {isa = PBXFileReference; explicitFileType = wrapper.cfbundle; includeInIndex = 0; path = BasicCalculatorTests.xctest; sourceTree = BUILT_PRODUCTS_DIR; };
		B4EEE0AF1F245F1500736668 /* BasicCalculatorTests.swift */ = {isa = PBXFileReference; lastKnownFileType = sourcecode.swift; path = BasicCalculatorTests.swift; sourceTree = "<group>"; };
		B4EEE0B11F245F1500736668 /* Info.plist */ = {isa = PBXFileReference; lastKnownFileType = text.plist.xml; path = Info.plist; sourceTree = "<group>"; };
		B4EEE0B61F245F1500736668 /* BasicCalculatorUITests.xctest */ = {isa = PBXFileReference; explicitFileType = wrapper.cfbundle; includeInIndex = 0; path = BasicCalculatorUITests.xctest; sourceTree = BUILT_PRODUCTS_DIR; };
		B4EEE0BA1F245F1500736668 /* BasicCalculatorUITests.swift */ = {isa = PBXFileReference; lastKnownFileType = sourcecode.swift; path = BasicCalculatorUITests.swift; sourceTree = "<group>"; };
		B4EEE0BC1F245F1500736668 /* Info.plist */ = {isa = PBXFileReference; lastKnownFileType = text.plist.xml; path = Info.plist; sourceTree = "<group>"; };
/* End PBXFileReference section */

/* Begin PBXFrameworksBuildPhase section */
		B4EEE0941F245F1500736668 /* Frameworks */ = {
			isa = PBXFrameworksBuildPhase;
			buildActionMask = 2147483647;
			files = (
			);
			runOnlyForDeploymentPostprocessing = 0;
		};
		B4EEE0A81F245F1500736668 /* Frameworks */ = {
			isa = PBXFrameworksBuildPhase;
			buildActionMask = 2147483647;
			files = (
			);
			runOnlyForDeploymentPostprocessing = 0;
		};
		B4EEE0B31F245F1500736668 /* Frameworks */ = {
			isa = PBXFrameworksBuildPhase;
			buildActionMask = 2147483647;
			files = (
			);
			runOnlyForDeploymentPostprocessing = 0;
		};
/* End PBXFrameworksBuildPhase section */

/* Begin PBXGroup section */
		B4EEE08E1F245F1500736668 = {
			isa = PBXGroup;
			children = (
				B4EEE0991F245F1500736668 /* BasicCalculator */,
				B4EEE0AE1F245F1500736668 /* BasicCalculatorTests */,
				B4EEE0B91F245F1500736668 /* BasicCalculatorUITests */,
				B4EEE0981F245F1500736668 /* Products */,
			);
			sourceTree = "<group>";
		};
		B4EEE0981F245F1500736668 /* Products */ = {
			isa = PBXGroup;
			children = (
				B4EEE0971F245F1500736668 /* BasicCalculator.app */,
				B4EEE0AB1F245F1500736668 /* BasicCalculatorTests.xctest */,
				B4EEE0B61F245F1500736668 /* BasicCalculatorUITests.xctest */,
			);
			name = Products;
			sourceTree = "<group>";
		};
		B4EEE0991F245F1500736668 /* BasicCalculator */ = {
			isa = PBXGroup;
			children = (
				B4EEE09A1F245F1500736668 /* AppDelegate.swift */,
				B4EEE09C1F245F1500736668 /* ViewController.swift */,
				B4EEE09E1F245F1500736668 /* Main.storyboard */,
				B4EEE0A11F245F1500736668 /* Assets.xcassets */,
				B4EEE0A31F245F1500736668 /* LaunchScreen.storyboard */,
				B4EEE0A61F245F1500736668 /* Info.plist */,
			);
			path = BasicCalculator;
			sourceTree = "<group>";
		};
		B4EEE0AE1F245F1500736668 /* BasicCalculatorTests */ = {
			isa = PBXGroup;
			children = (
				B4EEE0AF1F245F1500736668 /* BasicCalculatorTests.swift */,
				B4EEE0B11F245F1500736668 /* Info.plist */,
			);
			path = BasicCalculatorTests;
			sourceTree = "<group>";
		};
		B4EEE0B91F245F1500736668 /* BasicCalculatorUITests */ = {
			isa = PBXGroup;
			children = (
				B4EEE0BA1F245F1500736668 /* BasicCalculatorUITests.swift */,
				B4EEE0BC1F245F1500736668 /* Info.plist */,
			);
			path = BasicCalculatorUITests;
			sourceTree = "<group>";
		};
/* End PBXGroup section */

/* Begin PBXNativeTarget section */
		B4EEE0961F245F1500736668 /* BasicCalculator */ = {
			isa = PBXNativeTarget;
			buildConfigurationList = B4EEE0BF1F245F1500736668 /* Build configuration list for PBXNativeTarget "BasicCalculator" */;
			buildPhases = (
				B4EEE0931F245F1500736668 /* Sources */,
				B4EEE0941F245F1500736668 /* Frameworks */,
				B4EEE0951F245F1500736668 /* Resources */,
			);
			buildRules = (
			);
			dependencies = (
			);
			name = BasicCalculator;
			productName = BasicCalculator;
			productReference = B4EEE0971F245F1500736668 /* BasicCalculator.app */;
			productType = "com.apple.product-type.application";
		};
		B4EEE0AA1F245F1500736668 /* BasicCalculatorTests */ = {
			isa = PBXNativeTarget;
			buildConfigurationList = B4EEE0C21F245F1500736668 /* Build configuration list for PBXNativeTarget "BasicCalculatorTests" */;
			buildPhases = (
				B4EEE0A71F245F1500736668 /* Sources */,
				B4EEE0A81F245F1500736668 /* Frameworks */,
				B4EEE0A91F245F1500736668 /* Resources */,
			);
			buildRules = (
			);
			dependencies = (
				B4EEE0AD1F245F1500736668 /* PBXTargetDependency */,
			);
			name = BasicCalculatorTests;
			productName = BasicCalculatorTests;
			productReference = B4EEE0AB1F245F1500736668 /* BasicCalculatorTests.xctest */;
			productType = "com.apple.product-type.bundle.unit-test";
		};
		B4EEE0B51F245F1500736668 /* BasicCalculatorUITests */ = {
			isa = PBXNativeTarget;
			buildConfigurationList = B4EEE0C51F245F1500736668 /* Build configuration list for PBXNativeTarget "BasicCalculatorUITests" */;
			buildPhases = (
				B4EEE0B21F245F1500736668 /* Sources */,
				B4EEE0B31F245F1500736668 /* Frameworks */,
				B4EEE0B41F245F1500736668 /* Resources */,
			);
			buildRules = (
			);
			dependencies = (
				B4EEE0B81F245F1500736668 /* PBXTargetDependency */,
			);
			name = BasicCalculatorUITests;
			productName = BasicCalculatorUITests;
			productReference = B4EEE0B61F245F1500736668 /* BasicCalculatorUITests.xctest */;
			productType = "com.apple.product-type.bundle.ui-testing";
		};
/* End PBXNativeTarget section */

/* Begin PBXProject section */
		B4EEE08F1F245F1500736668 /* Project object */ = {
			isa = PBXProject;
			attributes = {
				LastSwiftUpdateCheck = 0830;
				LastUpgradeCheck = 0830;
				ORGANIZATIONNAME = "Brett Allen";
				TargetAttributes = {
					B4EEE0961F245F1500736668 = {
						CreatedOnToolsVersion = 8.3.3;
						DevelopmentTeam = 8856GGP6ZX;
						ProvisioningStyle = Automatic;
					};
					B4EEE0AA1F245F1500736668 = {
						CreatedOnToolsVersion = 8.3.3;
						DevelopmentTeam = 8856GGP6ZX;
						ProvisioningStyle = Automatic;
						TestTargetID = B4EEE0961F245F1500736668;
					};
					B4EEE0B51F245F1500736668 = {
						CreatedOnToolsVersion = 8.3.3;
						DevelopmentTeam = 8856GGP6ZX;
						ProvisioningStyle = Automatic;
						TestTargetID = B4EEE0961F245F1500736668;
					};
				};
			};
			buildConfigurationList = B4EEE0921F245F1500736668 /* Build configuration list for PBXProject "BasicCalculator" */;
			compatibilityVersion = "Xcode 3.2";
			developmentRegion = English;
			hasScannedForEncodings = 0;
			knownRegions = (
				en,
				Base,
			);
			mainGroup = B4EEE08E1F245F1500736668;
			productRefGroup = B4EEE0981F245F1500736668 /* Products */;
			projectDirPath = "";
			projectRoot = "";
			targets = (
				B4EEE0961F245F1500736668 /* BasicCalculator */,
				B4EEE0AA1F245F1500736668 /* BasicCalculatorTests */,
				B4EEE0B51F245F1500736668 /* BasicCalculatorUITests */,
			);
		};
/* End PBXProject section */

/* Begin PBXResourcesBuildPhase section */
		B4EEE0951F245F1500736668 /* Resources */ = {
			isa = PBXResourcesBuildPhase;
			buildActionMask = 2147483647;
			files = (
				B4EEE0A51F245F1500736668 /* LaunchScreen.storyboard in Resources */,
				B4EEE0A21F245F1500736668 /* Assets.xcassets in Resources */,
				B4EEE0A01F245F1500736668 /* Main.storyboard in Resources */,
			);
			runOnlyForDeploymentPostprocessing = 0;
		};
		B4EEE0A91F245F1500736668 /* Resources */ = {
			isa = PBXResourcesBuildPhase;
			buildActionMask = 2147483647;
			files = (
			);
			runOnlyForDeploymentPostprocessing = 0;
		};
		B4EEE0B41F245F1500736668 /* Resources */ = {
			isa = PBXResourcesBuildPhase;
			buildActionMask = 2147483647;
			files = (
			);
			runOnlyForDeploymentPostprocessing = 0;
		};
/* End PBXResourcesBuildPhase section */

/* Begin PBXSourcesBuildPhase section */
		B4EEE0931F245F1500736668 /* Sources */ = {
			isa = PBXSourcesBuildPhase;
			buildActionMask = 2147483647;
			files = (
				B4EEE09D1F245F1500736668 /* ViewController.swift in Sources */,
				B4EEE09B1F245F1500736668 /* AppDelegate.swift in Sources */,
			);
			runOnlyForDeploymentPostprocessing = 0;
		};
		B4EEE0A71F245F1500736668 /* Sources */ = {
			isa = PBXSourcesBuildPhase;
			buildActionMask = 2147483647;
			files = (
				B4EEE0B01F245F1500736668 /* BasicCalculatorTests.swift in Sources */,
			);
			runOnlyForDeploymentPostprocessing = 0;
		};
		B4EEE0B21F245F1500736668 /* Sources */ = {
			isa = PBXSourcesBuildPhase;
			buildActionMask = 2147483647;
			files = (
				B4EEE0BB1F245F1500736668 /* BasicCalculatorUITests.swift in Sources */,
			);
			runOnlyForDeploymentPostprocessing = 0;
		};
/* End PBXSourcesBuildPhase section */

/* Begin PBXTargetDependency section */
		B4EEE0AD1F245F1500736668 /* PBXTargetDependency */ = {
			isa = PBXTargetDependency;
			target = B4EEE0961F245F1500736668 /* BasicCalculator */;
			targetProxy = B4EEE0AC1F245F1500736668 /* PBXContainerItemProxy */;
		};
		B4EEE0B81F245F1500736668 /* PBXTargetDependency */ = {
			isa = PBXTargetDependency;
			target = B4EEE0961F245F1500736668 /* BasicCalculator */;
			targetProxy = B4EEE0B71F245F1500736668 /* PBXContainerItemProxy */;
		};
/* End PBXTargetDependency section */

/* Begin PBXVariantGroup section */
		B4EEE09E1F245F1500736668 /* Main.storyboard */ = {
			isa = PBXVariantGroup;
			children = (
				B4EEE09F1F245F1500736668 /* Base */,
			);
			name = Main.storyboard;
			sourceTree = "<group>";
		};
		B4EEE0A31F245F1500736668 /* LaunchScreen.storyboard */ = {
			isa = PBXVariantGroup;
			children = (
				B4EEE0A41F245F1500736668 /* Base */,
			);
			name = LaunchScreen.storyboard;
			sourceTree = "<group>";
		};
/* End PBXVariantGroup section */

/* Begin XCBuildConfiguration section */
		B4EEE0BD1F245F1500736668 /* Debug */ = {
			isa = XCBuildConfiguration;
			buildSettings = {
				ALWAYS_SEARCH_USER_PATHS = NO;
				CLANG_ANALYZER_NONNULL = YES;
				CLANG_ANALYZER_NUMBER_OBJECT_CONVERSION = YES_AGGRESSIVE;
				CLANG_CXX_LANGUAGE_STANDARD = "gnu++0x";
				CLANG_CXX_LIBRARY = "libc++";
				CLANG_ENABLE_MODULES = YES;
				CLANG_ENABLE_OBJC_ARC = YES;
				CLANG_WARN_BOOL_CONVERSION = YES;
				CLANG_WARN_CONSTANT_CONVERSION = YES;
				CLANG_WARN_DIRECT_OBJC_ISA_USAGE = YES_ERROR;
				CLANG_WARN_DOCUMENTATION_COMMENTS = YES;
				CLANG_WARN_EMPTY_BODY = YES;
				CLANG_WARN_ENUM_CONVERSION = YES;
				CLANG_WARN_INFINITE_RECURSION = YES;
				CLANG_WARN_INT_CONVERSION = YES;
				CLANG_WARN_OBJC_ROOT_CLASS = YES_ERROR;
				CLANG_WARN_SUSPICIOUS_MOVE = YES;
				CLANG_WARN_UNREACHABLE_CODE = YES;
				CLANG_WARN__DUPLICATE_METHOD_MATCH = YES;
				"CODE_SIGN_IDENTITY[sdk=iphoneos*]" = "iPhone Developer";
				COPY_PHASE_STRIP = NO;
				DEBUG_INFORMATION_FORMAT = dwarf;
				ENABLE_STRICT_OBJC_MSGSEND = YES;
				ENABLE_TESTABILITY = YES;
				GCC_C_LANGUAGE_STANDARD = gnu99;
				GCC_DYNAMIC_NO_PIC = NO;
				GCC_NO_COMMON_BLOCKS = YES;
				GCC_OPTIMIZATION_LEVEL = 0;
				GCC_PREPROCESSOR_DEFINITIONS = (
					"DEBUG=1",
					"$(inherited)",
				);
				GCC_WARN_64_TO_32_BIT_CONVERSION = YES;
				GCC_WARN_ABOUT_RETURN_TYPE = YES_ERROR;
				GCC_WARN_UNDECLARED_SELECTOR = YES;
				GCC_WARN_UNINITIALIZED_AUTOS = YES_AGGRESSIVE;
				GCC_WARN_UNUSED_FUNCTION = YES;
				GCC_WARN_UNUSED_VARIABLE = YES;
				IPHONEOS_DEPLOYMENT_TARGET = 10.3;
				MTL_ENABLE_DEBUG_INFO = YES;
				ONLY_ACTIVE_ARCH = YES;
				SDKROOT = iphoneos;
				SWIFT_ACTIVE_COMPILATION_CONDITIONS = DEBUG;
				SWIFT_OPTIMIZATION_LEVEL = "-Onone";
				TARGETED_DEVICE_FAMILY = "1,2";
			};
			name = Debug;
		};
		B4EEE0BE1F245F1500736668 /* Release */ = {
			isa = XCBuildConfiguration;
			buildSettings = {
				ALWAYS_SEARCH_USER_PATHS = NO;
				CLANG_ANALYZER_NONNULL = YES;
				CLANG_ANALYZER_NUMBER_OBJECT_CONVERSION = YES_AGGRESSIVE;
				CLANG_CXX_LANGUAGE_STANDARD = "gnu++0x";
				CLANG_CXX_LIBRARY = "libc++";
				CLANG_ENABLE_MODULES = YES;
				CLANG_ENABLE_OBJC_ARC = YES;
				CLANG_WARN_BOOL_CONVERSION = YES;
				CLANG_WARN_CONSTANT_CONVERSION = YES;
				CLANG_WARN_DIRECT_OBJC_ISA_USAGE = YES_ERROR;
				CLANG_WARN_DOCUMENTATION_COMMENTS = YES;
				CLANG_WARN_EMPTY_BODY = YES;
				CLANG_WARN_ENUM_CONVERSION = YES;
				CLANG_WARN_INFINITE_RECURSION = YES;
				CLANG_WARN_INT_CONVERSION = YES;
				CLANG_WARN_OBJC_ROOT_CLASS = YES_ERROR;
				CLANG_WARN_SUSPICIOUS_MOVE = YES;
				CLANG_WARN_UNREACHABLE_CODE = YES;
				CLANG_WARN__DUPLICATE_METHOD_MATCH = YES;
				"CODE_SIGN_IDENTITY[sdk=iphoneos*]" = "iPhone Developer";
				COPY_PHASE_STRIP = NO;
				DEBUG_INFORMATION_FORMAT = "dwarf-with-dsym";
				ENABLE_NS_ASSERTIONS = NO;
				ENABLE_STRICT_OBJC_MSGSEND = YES;
				GCC_C_LANGUAGE_STANDARD = gnu99;
				GCC_NO_COMMON_BLOCKS = YES;
				GCC_WARN_64_TO_32_BIT_CONVERSION = YES;
				GCC_WARN_ABOUT_RETURN_TYPE = YES_ERROR;
				GCC_WARN_UNDECLARED_SELECTOR = YES;
				GCC_WARN_UNINITIALIZED_AUTOS = YES_AGGRESSIVE;
				GCC_WARN_UNUSED_FUNCTION = YES;
				GCC_WARN_UNUSED_VARIABLE = YES;
				IPHONEOS_DEPLOYMENT_TARGET = 10.3;
				MTL_ENABLE_DEBUG_INFO = NO;
				SDKROOT = iphoneos;
				SWIFT_OPTIMIZATION_LEVEL = "-Owholemodule";
				TARGETED_DEVICE_FAMILY = "1,2";
				VALIDATE_PRODUCT = YES;
			};
			name = Release;
		};
		B4EEE0C01F245F1500736668 /* Debug */ = {
			isa = XCBuildConfiguration;
			buildSettings = {
				ASSETCATALOG_COMPILER_APPICON_NAME = AppIcon;
				DEVELOPMENT_TEAM = 8856GGP6ZX;
				INFOPLIST_FILE = BasicCalculator/Info.plist;
				IPHONEOS_DEPLOYMENT_TARGET = 10.3;
				LD_RUNPATH_SEARCH_PATHS = "$(inherited) @executable_path/Frameworks";
				PRODUCT_BUNDLE_IDENTIFIER = io.github.brettfx.BasicCalculator;
				PRODUCT_NAME = "$(TARGET_NAME)";
				SWIFT_VERSION = 3.0;
			};
			name = Debug;
		};
		B4EEE0C11F245F1500736668 /* Release */ = {
			isa = XCBuildConfiguration;
			buildSettings = {
				ASSETCATALOG_COMPILER_APPICON_NAME = AppIcon;
				DEVELOPMENT_TEAM = 8856GGP6ZX;
				INFOPLIST_FILE = BasicCalculator/Info.plist;
				IPHONEOS_DEPLOYMENT_TARGET = 10.3;
				LD_RUNPATH_SEARCH_PATHS = "$(inherited) @executable_path/Frameworks";
				PRODUCT_BUNDLE_IDENTIFIER = io.github.brettfx.BasicCalculator;
				PRODUCT_NAME = "$(TARGET_NAME)";
				SWIFT_VERSION = 3.0;
			};
			name = Release;
		};
		B4EEE0C31F245F1500736668 /* Debug */ = {
			isa = XCBuildConfiguration;
			buildSettings = {
				ALWAYS_EMBED_SWIFT_STANDARD_LIBRARIES = YES;
				BUNDLE_LOADER = "$(TEST_HOST)";
				DEVELOPMENT_TEAM = 8856GGP6ZX;
				INFOPLIST_FILE = BasicCalculatorTests/Info.plist;
				LD_RUNPATH_SEARCH_PATHS = "$(inherited) @executable_path/Frameworks @loader_path/Frameworks";
				PRODUCT_BUNDLE_IDENTIFIER = io.github.brettfx.BasicCalculatorTests;
				PRODUCT_NAME = "$(TARGET_NAME)";
				SWIFT_VERSION = 3.0;
				TEST_HOST = "$(BUILT_PRODUCTS_DIR)/BasicCalculator.app/BasicCalculator";
			};
			name = Debug;
		};
		B4EEE0C41F245F1500736668 /* Release */ = {
			isa = XCBuildConfiguration;
			buildSettings = {
				ALWAYS_EMBED_SWIFT_STANDARD_LIBRARIES = YES;
				BUNDLE_LOADER = "$(TEST_HOST)";
				DEVELOPMENT_TEAM = 8856GGP6ZX;
				INFOPLIST_FILE = BasicCalculatorTests/Info.plist;
				LD_RUNPATH_SEARCH_PATHS = "$(inherited) @executable_path/Frameworks @loader_path/Frameworks";
				PRODUCT_BUNDLE_IDENTIFIER = io.github.brettfx.BasicCalculatorTests;
				PRODUCT_NAME = "$(TARGET_NAME)";
				SWIFT_VERSION = 3.0;
				TEST_HOST = "$(BUILT_PRODUCTS_DIR)/BasicCalculator.app/BasicCalculator";
			};
			name = Release;
		};
		B4EEE0C61F245F1500736668 /* Debug */ = {
			isa = XCBuildConfiguration;
			buildSettings = {
				ALWAYS_EMBED_SWIFT_STANDARD_LIBRARIES = YES;
				DEVELOPMENT_TEAM = 8856GGP6ZX;
				INFOPLIST_FILE = BasicCalculatorUITests/Info.plist;
				LD_RUNPATH_SEARCH_PATHS = "$(inherited) @executable_path/Frameworks @loader_path/Frameworks";
				PRODUCT_BUNDLE_IDENTIFIER = io.github.brettfx.BasicCalculatorUITests;
				PRODUCT_NAME = "$(TARGET_NAME)";
				SWIFT_VERSION = 3.0;
				TEST_TARGET_NAME = BasicCalculator;
			};
			name = Debug;
		};
		B4EEE0C71F245F1500736668 /* Release */ = {
			isa = XCBuildConfiguration;
			buildSettings = {
				ALWAYS_EMBED_SWIFT_STANDARD_LIBRARIES = YES;
				DEVELOPMENT_TEAM = 8856GGP6ZX;
				INFOPLIST_FILE = BasicCalculatorUITests/Info.plist;
				LD_RUNPATH_SEARCH_PATHS = "$(inherited) @executable_path/Frameworks @loader_path/Frameworks";
				PRODUCT_BUNDLE_IDENTIFIER = io.github.brettfx.BasicCalculatorUITests;
				PRODUCT_NAME = "$(TARGET_NAME)";
				SWIFT_VERSION = 3.0;
				TEST_TARGET_NAME = BasicCalculator;
			};
			name = Release;
		};
/* End XCBuildConfiguration section */

/* Begin XCConfigurationList section */
		B4EEE0921F245F1500736668 /* Build configuration list for PBXProject "BasicCalculator" */ = {
			isa = XCConfigurationList;
			buildConfigurations = (
				B4EEE0BD1F245F1500736668 /* Debug */,
				B4EEE0BE1F245F1500736668 /* Release */,
			);
			defaultConfigurationIsVisible = 0;
			defaultConfigurationName = Release;
		};
		B4EEE0BF1F245F1500736668 /* Build configuration list for PBXNativeTarget "BasicCalculator" */ = {
			isa = XCConfigurationList;
			buildConfigurations = (
				B4EEE0C01F245F1500736668 /* Debug */,
				B4EEE0C11F245F1500736668 /* Release */,
			);
			defaultConfigurationIsVisible = 0;
			defaultConfigurationName = Release;
		};
		B4EEE0C21F245F1500736668 /* Build configuration list for PBXNativeTarget "BasicCalculatorTests" */ = {
			isa = XCConfigurationList;
			buildConfigurations = (
				B4EEE0C31F245F1500736668 /* Debug */,
				B4EEE0C41F245F1500736668 /* Release */,
			);
			defaultConfigurationIsVisible = 0;
			defaultConfigurationName = Release;
		};
		B4EEE0C51F245F1500736668 /* Build configuration list for PBXNativeTarget "BasicCalculatorUITests" */ = {
			isa = XCConfigurationList;
			buildConfigurations = (
				B4EEE0C61F245F1500736668 /* Debug */,
				B4EEE0C71F245F1500736668 /* Release */,
			);
			defaultConfigurationIsVisible = 0;
			defaultConfigurationName = Release;
		};
/* End XCConfigurationList section */
	};
	rootObject = B4EEE08F1F245F1500736668 /* Project object */;
}
